// !$*UTF8*$!
{
	archiveVersion = 1;
	classes = {
	};
	objectVersion = 50;
	objects = {

/* Begin PBXBuildFile section */
		442D90FE228143C00059E52F /* binarytree.cpp in Sources */ = {isa = PBXBuildFile; fileRef = 442D90FD228143BF0059E52F /* binarytree.cpp */; };
		446D1CBB226955F20088C827 /* main.cpp in Sources */ = {isa = PBXBuildFile; fileRef = 446D1CBA226955F20088C827 /* main.cpp */; };
		446D1D43227E63210088C827 /* stack.cpp in Sources */ = {isa = PBXBuildFile; fileRef = 446D1D40227E63210088C827 /* stack.cpp */; };
		446D1D44227E63210088C827 /* Queue.cpp in Sources */ = {isa = PBXBuildFile; fileRef = 446D1D41227E63210088C827 /* Queue.cpp */; };
/* End PBXBuildFile section */

/* Begin PBXCopyFilesBuildPhase section */
		446D1CB5226955F20088C827 /* CopyFiles */ = {
			isa = PBXCopyFilesBuildPhase;
			buildActionMask = 2147483647;
			dstPath = /usr/share/man/man1/;
			dstSubfolderSpec = 0;
			files = (
			);
			runOnlyForDeploymentPostprocessing = 1;
		};
/* End PBXCopyFilesBuildPhase section */

/* Begin PBXFileReference section */
		442D90FB2281432C0059E52F /* test.hpp */ = {isa = PBXFileReference; lastKnownFileType = sourcecode.cpp.h; name = test.hpp; path = /Users/bvsonline/Documents/CPP_test/Stack2/Stack2/Stack2/Stack2/test.hpp; sourceTree = "<absolute>"; };
		442D90FD228143BF0059E52F /* binarytree.cpp */ = {isa = PBXFileReference; lastKnownFileType = sourcecode.cpp.cpp; name = binarytree.cpp; path = /Users/bvsonline/Documents/CPP_test/Stack2/Stack2/Stack2/Stack2/binarytree.cpp; sourceTree = "<absolute>"; };
		442D90FF228143C20059E52F /* binarytree.hpp */ = {isa = PBXFileReference; lastKnownFileType = sourcecode.cpp.h; name = binarytree.hpp; path = /Users/bvsonline/Documents/CPP_test/Stack2/Stack2/Stack2/Stack2/binarytree.hpp; sourceTree = "<absolute>"; };
		442D91002281482D0059E52F /* utilities.h */ = {isa = PBXFileReference; fileEncoding = 4; lastKnownFileType = sourcecode.c.h; path = utilities.h; sourceTree = "<group>"; };
		446D1CB7226955F20088C827 /* Stack2 */ = {isa = PBXFileReference; explicitFileType = "compiled.mach-o.executable"; includeInIndex = 0; path = Stack2; sourceTree = BUILT_PRODUCTS_DIR; };
		446D1CBA226955F20088C827 /* main.cpp */ = {isa = PBXFileReference; lastKnownFileType = sourcecode.cpp.cpp; path = main.cpp; sourceTree = "<group>"; };
		446D1D3F227E63210088C827 /* stack.hpp */ = {isa = PBXFileReference; fileEncoding = 4; lastKnownFileType = sourcecode.cpp.h; path = stack.hpp; sourceTree = "<group>"; };
		446D1D40227E63210088C827 /* stack.cpp */ = {isa = PBXFileReference; fileEncoding = 4; lastKnownFileType = sourcecode.cpp.cpp; path = stack.cpp; sourceTree = "<group>"; };
		446D1D41227E63210088C827 /* Queue.cpp */ = {isa = PBXFileReference; fileEncoding = 4; lastKnownFileType = sourcecode.cpp.cpp; path = Queue.cpp; sourceTree = "<group>"; };
		446D1D42227E63210088C827 /* Queue.hpp */ = {isa = PBXFileReference; fileEncoding = 4; lastKnownFileType = sourcecode.cpp.h; path = Queue.hpp; sourceTree = "<group>"; };
/* End PBXFileReference section */

/* Begin PBXFrameworksBuildPhase section */
		446D1CB4226955F20088C827 /* Frameworks */ = {
			isa = PBXFrameworksBuildPhase;
			buildActionMask = 2147483647;
			files = (
			);
			runOnlyForDeploymentPostprocessing = 0;
		};
/* End PBXFrameworksBuildPhase section */

/* Begin PBXGroup section */
		446D1CAE226955F10088C827 = {
			isa = PBXGroup;
			children = (
				446D1CB9226955F20088C827 /* Stack2 */,
				446D1CB8226955F20088C827 /* Products */,
			);
			sourceTree = "<group>";
		};
		446D1CB8226955F20088C827 /* Products */ = {
			isa = PBXGroup;
			children = (
				446D1CB7226955F20088C827 /* Stack2 */,
			);
			name = Products;
			sourceTree = "<group>";
		};
		446D1CB9226955F20088C827 /* Stack2 */ = {
			isa = PBXGroup;
			children = (
				442D91002281482D0059E52F /* utilities.h */,
				442D90FD228143BF0059E52F /* binarytree.cpp */,
				442D90FF228143C20059E52F /* binarytree.hpp */,
				446D1D41227E63210088C827 /* Queue.cpp */,
				446D1D42227E63210088C827 /* Queue.hpp */,
				442D90FB2281432C0059E52F /* test.hpp */,
				446D1D40227E63210088C827 /* stack.cpp */,
				446D1D3F227E63210088C827 /* stack.hpp */,
				446D1CBA226955F20088C827 /* main.cpp */,
			);
			path = Stack2;
			sourceTree = "<group>";
		};
/* End PBXGroup section */

/* Begin PBXNativeTarget section */
		446D1CB6226955F20088C827 /* Stack2 */ = {
			isa = PBXNativeTarget;
			buildConfigurationList = 446D1CBE226955F20088C827 /* Build configuration list for PBXNativeTarget "Stack2" */;
			buildPhases = (
				446D1CB3226955F20088C827 /* Sources */,
				446D1CB4226955F20088C827 /* Frameworks */,
				446D1CB5226955F20088C827 /* CopyFiles */,
			);
			buildRules = (
			);
			dependencies = (
			);
			name = Stack2;
			productName = Stack2;
			productReference = 446D1CB7226955F20088C827 /* Stack2 */;
			productType = "com.apple.product-type.tool";
		};
/* End PBXNativeTarget section */

/* Begin PBXProject section */
		446D1CAF226955F10088C827 /* Project object */ = {
			isa = PBXProject;
			attributes = {
				LastUpgradeCheck = 0940;
				ORGANIZATIONNAME = VENKATA;
				TargetAttributes = {
					446D1CB6226955F20088C827 = {
						CreatedOnToolsVersion = 9.4.1;
					};
				};
			};
			buildConfigurationList = 446D1CB2226955F10088C827 /* Build configuration list for PBXProject "Stack2" */;
			compatibilityVersion = "Xcode 9.3";
			developmentRegion = en;
			hasScannedForEncodings = 0;
			knownRegions = (
				en,
			);
			mainGroup = 446D1CAE226955F10088C827;
			productRefGroup = 446D1CB8226955F20088C827 /* Products */;
			projectDirPath = "";
			projectRoot = "";
			targets = (
				446D1CB6226955F20088C827 /* Stack2 */,
			);
		};
/* End PBXProject section */

/* Begin PBXSourcesBuildPhase section */
		446D1CB3226955F20088C827 /* Sources */ = {
			isa = PBXSourcesBuildPhase;
			buildActionMask = 2147483647;
			files = (
				442D90FE228143C00059E52F /* binarytree.cpp in Sources */,
				446D1D44227E63210088C827 /* Queue.cpp in Sources */,
				446D1D43227E63210088C827 /* stack.cpp in Sources */,
				446D1CBB226955F20088C827 /* main.cpp in Sources */,
			);
			runOnlyForDeploymentPostprocessing = 0;
		};
/* End PBXSourcesBuildPhase section */

/* Begin XCBuildConfiguration section */
		446D1CBC226955F20088C827 /* Debug */ = {
			isa = XCBuildConfiguration;
			buildSettings = {
				ALWAYS_SEARCH_USER_PATHS = NO;
				CLANG_ANALYZER_NONNULL = YES;
				CLANG_ANALYZER_NUMBER_OBJECT_CONVERSION = YES_AGGRESSIVE;
				CLANG_CXX_LANGUAGE_STANDARD = "gnu++14";
				CLANG_CXX_LIBRARY = "libc++";
				CLANG_ENABLE_MODULES = YES;
				CLANG_ENABLE_OBJC_ARC = YES;
				CLANG_ENABLE_OBJC_WEAK = YES;
				CLANG_WARN_BLOCK_CAPTURE_AUTORELEASING = YES;
				CLANG_WARN_BOOL_CONVERSION = YES;
				CLANG_WARN_COMMA = YES;
				CLANG_WARN_CONSTANT_CONVERSION = YES;
				CLANG_WARN_DEPRECATED_OBJC_IMPLEMENTATIONS = YES;
				CLANG_WARN_DIRECT_OBJC_ISA_USAGE = YES_ERROR;
				CLANG_WARN_DOCUMENTATION_COMMENTS = YES;
				CLANG_WARN_EMPTY_BODY = YES;
				CLANG_WARN_ENUM_CONVERSION = YES;
				CLANG_WARN_INFINITE_RECURSION = YES;
				CLANG_WARN_INT_CONVERSION = YES;
				CLANG_WARN_NON_LITERAL_NULL_CONVERSION = YES;
				CLANG_WARN_OBJC_IMPLICIT_RETAIN_SELF = YES;
				CLANG_WARN_OBJC_LITERAL_CONVERSION = YES;
				CLANG_WARN_OBJC_ROOT_CLASS = YES_ERROR;
				CLANG_WARN_RANGE_LOOP_ANALYSIS = YES;
				CLANG_WARN_STRICT_PROTOTYPES = YES;
				CLANG_WARN_SUSPICIOUS_MOVE = YES;
				CLANG_WARN_UNGUARDED_AVAILABILITY = YES_AGGRESSIVE;
				CLANG_WARN_UNREACHABLE_CODE = YES;
				CLANG_WARN__DUPLICATE_METHOD_MATCH = YES;
				CODE_SIGN_IDENTITY = "-";
				COPY_PHASE_STRIP = NO;
				DEBUG_INFORMATION_FORMAT = dwarf;
				ENABLE_STRICT_OBJC_MSGSEND = YES;
				ENABLE_TESTABILITY = YES;
				GCC_C_LANGUAGE_STANDARD = gnu11;
				GCC_DYNAMIC_NO_PIC = NO;
				GCC_NO_COMMON_BLOCKS = YES;
				GCC_OPTIMIZATION_LEVEL = 0;
				GCC_PREPROCESSOR_DEFINITIONS = (
					"DEBUG=1",
					"$(inherited)",
				);
				GCC_WARN_64_TO_32_BIT_CONVERSION = YES;
				GCC_WARN_ABOUT_RETURN_TYPE = YES_ERROR;
				GCC_WARN_UNDECLARED_SELECTOR = YES;
				GCC_WARN_UNINITIALIZED_AUTOS = YES_AGGRESSIVE;
				GCC_WARN_UNUSED_FUNCTION = YES;
				GCC_WARN_UNUSED_VARIABLE = YES;
				MACOSX_DEPLOYMENT_TARGET = 10.13;
				MTL_ENABLE_DEBUG_INFO = YES;
				ONLY_ACTIVE_ARCH = YES;
				SDKROOT = macosx;
			};
			name = Debug;
		};
		446D1CBD226955F20088C827 /* Release */ = {
			isa = XCBuildConfiguration;
			buildSettings = {
				ALWAYS_SEARCH_USER_PATHS = NO;
				CLANG_ANALYZER_NONNULL = YES;
				CLANG_ANALYZER_NUMBER_OBJECT_CONVERSION = YES_AGGRESSIVE;
				CLANG_CXX_LANGUAGE_STANDARD = "gnu++14";
				CLANG_CXX_LIBRARY = "libc++";
				CLANG_ENABLE_MODULES = YES;
				CLANG_ENABLE_OBJC_ARC = YES;
				CLANG_ENABLE_OBJC_WEAK = YES;
				CLANG_WARN_BLOCK_CAPTURE_AUTORELEASING = YES;
				CLANG_WARN_BOOL_CONVERSION = YES;
				CLANG_WARN_COMMA = YES;
				CLANG_WARN_CONSTANT_CONVERSION = YES;
				CLANG_WARN_DEPRECATED_OBJC_IMPLEMENTATIONS = YES;
				CLANG_WARN_DIRECT_OBJC_ISA_USAGE = YES_ERROR;
				CLANG_WARN_DOCUMENTATION_COMMENTS = YES;
				CLANG_WARN_EMPTY_BODY = YES;
				CLANG_WARN_ENUM_CONVERSION = YES;
				CLANG_WARN_INFINITE_RECURSION = YES;
				CLANG_WARN_INT_CONVERSION = YES;
				CLANG_WARN_NON_LITERAL_NULL_CONVERSION = YES;
				CLANG_WARN_OBJC_IMPLICIT_RETAIN_SELF = YES;
				CLANG_WARN_OBJC_LITERAL_CONVERSION = YES;
				CLANG_WARN_OBJC_ROOT_CLASS = YES_ERROR;
				CLANG_WARN_RANGE_LOOP_ANALYSIS = YES;
				CLANG_WARN_STRICT_PROTOTYPES = YES;
				CLANG_WARN_SUSPICIOUS_MOVE = YES;
				CLANG_WARN_UNGUARDED_AVAILABILITY = YES_AGGRESSIVE;
				CLANG_WARN_UNREACHABLE_CODE = YES;
				CLANG_WARN__DUPLICATE_METHOD_MATCH = YES;
				CODE_SIGN_IDENTITY = "-";
				COPY_PHASE_STRIP = NO;
				DEBUG_INFORMATION_FORMAT = "dwarf-with-dsym";
				ENABLE_NS_ASSERTIONS = NO;
				ENABLE_STRICT_OBJC_MSGSEND = YES;
				GCC_C_LANGUAGE_STANDARD = gnu11;
				GCC_NO_COMMON_BLOCKS = YES;
				GCC_WARN_64_TO_32_BIT_CONVERSION = YES;
				GCC_WARN_ABOUT_RETURN_TYPE = YES_ERROR;
				GCC_WARN_UNDECLARED_SELECTOR = YES;
				GCC_WARN_UNINITIALIZED_AUTOS = YES_AGGRESSIVE;
				GCC_WARN_UNUSED_FUNCTION = YES;
				GCC_WARN_UNUSED_VARIABLE = YES;
				MACOSX_DEPLOYMENT_TARGET = 10.13;
				MTL_ENABLE_DEBUG_INFO = NO;
				SDKROOT = macosx;
			};
			name = Release;
		};
		446D1CBF226955F20088C827 /* Debug */ = {
			isa = XCBuildConfiguration;
			buildSettings = {
				CODE_SIGN_STYLE = Automatic;
				PRODUCT_NAME = "$(TARGET_NAME)";
			};
			name = Debug;
		};
		446D1CC0226955F20088C827 /* Release */ = {
			isa = XCBuildConfiguration;
			buildSettings = {
				CODE_SIGN_STYLE = Automatic;
				PRODUCT_NAME = "$(TARGET_NAME)";
			};
			name = Release;
		};
/* End XCBuildConfiguration section */

/* Begin XCConfigurationList section */
		446D1CB2226955F10088C827 /* Build configuration list for PBXProject "Stack2" */ = {
			isa = XCConfigurationList;
			buildConfigurations = (
				446D1CBC226955F20088C827 /* Debug */,
				446D1CBD226955F20088C827 /* Release */,
			);
			defaultConfigurationIsVisible = 0;
			defaultConfigurationName = Release;
		};
		446D1CBE226955F20088C827 /* Build configuration list for PBXNativeTarget "Stack2" */ = {
			isa = XCConfigurationList;
			buildConfigurations = (
				446D1CBF226955F20088C827 /* Debug */,
				446D1CC0226955F20088C827 /* Release */,
			);
			defaultConfigurationIsVisible = 0;
			defaultConfigurationName = Release;
		};
/* End XCConfigurationList section */
	};
	rootObject = 446D1CAF226955F10088C827 /* Project object */;
}
